
Microsoft Visual Studio Solution File, Format Version 12.00
# Visual Studio Version 17
VisualStudioVersion = 17.14.36717.8 d17.14
MinimumVisualStudioVersion = 10.0.40219.1
Project("{FAE04EC0-301F-11D3-BF4B-00C04F79EFBC}") = "dz8_1", "dz8\dz8_1.csproj", "{F08FC92A-BC59-4410-89FA-AEA541770C31}"
EndProject
Project("{FAE04EC0-301F-11D3-BF4B-00C04F79EFBC}") = "dz8_2", "dz8_2\dz8_2.csproj", "{FBABD344-5833-4DAC-8CD5-67B79CF9B8AB}"
EndProject
Project("{FAE04EC0-301F-11D3-BF4B-00C04F79EFBC}") = "dz8_3", "dz8_3\dz8_3.csproj", "{097F330F-5A09-4FCE-BD1F-DADA33EC1A0D}"
EndProject
Project("{FAE04EC0-301F-11D3-BF4B-00C04F79EFBC}") = "dz8_4", "dz8_4\dz8_4.csproj", "{1E198EA6-1373-48FE-BD2A-A8CD92A005EF}"
EndProject
Global
	GlobalSection(SolutionConfigurationPlatforms) = preSolution
		Debug|Any CPU = Debug|Any CPU
		Release|Any CPU = Release|Any CPU
	EndGlobalSection
	GlobalSection(ProjectConfigurationPlatforms) = postSolution
		{F08FC92A-BC59-4410-89FA-AEA541770C31}.Debug|Any CPU.ActiveCfg = Debug|Any CPU
		{F08FC92A-BC59-4410-89FA-AEA541770C31}.Debug|Any CPU.Build.0 = Debug|Any CPU
		{F08FC92A-BC59-4410-89FA-AEA541770C31}.Release|Any CPU.ActiveCfg = Release|Any CPU
		{F08FC92A-BC59-4410-89FA-AEA541770C31}.Release|Any CPU.Build.0 = Release|Any CPU
		{FBABD344-5833-4DAC-8CD5-67B79CF9B8AB}.Debug|Any CPU.ActiveCfg = Debug|Any CPU
		{FBABD344-5833-4DAC-8CD5-67B79CF9B8AB}.Debug|Any CPU.Build.0 = Debug|Any CPU
		{FBABD344-5833-4DAC-8CD5-67B79CF9B8AB}.Release|Any CPU.ActiveCfg = Release|Any CPU
		{FBABD344-5833-4DAC-8CD5-67B79CF9B8AB}.Release|Any CPU.Build.0 = Release|Any CPU
		{097F330F-5A09-4FCE-BD1F-DADA33EC1A0D}.Debug|Any CPU.ActiveCfg = Debug|Any CPU
		{097F330F-5A09-4FCE-BD1F-DADA33EC1A0D}.Debug|Any CPU.Build.0 = Debug|Any CPU
		{097F330F-5A09-4FCE-BD1F-DADA33EC1A0D}.Release|Any CPU.ActiveCfg = Release|Any CPU
		{097F330F-5A09-4FCE-BD1F-DADA33EC1A0D}.Release|Any CPU.Build.0 = Release|Any CPU
		{1E198EA6-1373-48FE-BD2A-A8CD92A005EF}.Debug|Any CPU.ActiveCfg = Debug|Any CPU
		{1E198EA6-1373-48FE-BD2A-A8CD92A005EF}.Debug|Any CPU.Build.0 = Debug|Any CPU
		{1E198EA6-1373-48FE-BD2A-A8CD92A005EF}.Release|Any CPU.ActiveCfg = Release|Any CPU
		{1E198EA6-1373-48FE-BD2A-A8CD92A005EF}.Release|Any CPU.Build.0 = Release|Any CPU
	EndGlobalSection
	GlobalSection(SolutionProperties) = preSolution
		HideSolutionNode = FALSE
	EndGlobalSection
	GlobalSection(ExtensibilityGlobals) = postSolution
		SolutionGuid = {B5532B96-B99E-4854-9E90-15CB687B2A27}
	EndGlobalSection
EndGlobal
